
Microsoft Visual Studio Solution File, Format Version 12.00
# Visual Studio Version 16
VisualStudioVersion = 16.0.30517.126
MinimumVisualStudioVersion = 10.0.40219.1
Project("{FAE04EC0-301F-11D3-BF4B-00C04F79EFBC}") = "UserInterfaceV3", "UserInterfaceV2\UserInterfaceV3.csproj", "{351C6D80-4F14-4541-BE0E-A604DBDC1175}"
EndProject
Global
	GlobalSection(SolutionConfigurationPlatforms) = preSolution
		Debug|Any CPU = Debug|Any CPU
		Release|Any CPU = Release|Any CPU
	EndGlobalSection
	GlobalSection(ProjectConfigurationPlatforms) = postSolution
		{351C6D80-4F14-4541-BE0E-A604DBDC1175}.Debug|Any CPU.ActiveCfg = Debug|Any CPU
		{351C6D80-4F14-4541-BE0E-A604DBDC1175}.Debug|Any CPU.Build.0 = Debug|Any CPU
		{351C6D80-4F14-4541-BE0E-A604DBDC1175}.Release|Any CPU.ActiveCfg = Release|Any CPU
		{351C6D80-4F14-4541-BE0E-A604DBDC1175}.Release|Any CPU.Build.0 = Release|Any CPU
	EndGlobalSection
	GlobalSection(SolutionProperties) = preSolution
		HideSolutionNode = FALSE
	EndGlobalSection
	GlobalSection(ExtensibilityGlobals) = postSolution
		SolutionGuid = {AB7FB083-F71F-4114-9039-BB4BCE4137CC}
	EndGlobalSection
EndGlobal
